
Microsoft Visual Studio Solution File, Format Version 12.00
# Visual Studio 15
VisualStudioVersion = 15.0.28307.168
MinimumVisualStudioVersion = 10.0.40219.1
Project("{FAE04EC0-301F-11D3-BF4B-00C04F79EFBC}") = "SalesWebMvc", "SalesWebMvc\SalesWebMvc.csproj", "{8C0C3FD3-BF5F-4A9F-AE8E-4A6C28259C51}"
EndProject
Global
	GlobalSection(SolutionConfigurationPlatforms) = preSolution
		Debug|Any CPU = Debug|Any CPU
		Release|Any CPU = Release|Any CPU
	EndGlobalSection
	GlobalSection(ProjectConfigurationPlatforms) = postSolution
		{8C0C3FD3-BF5F-4A9F-AE8E-4A6C28259C51}.Debug|Any CPU.ActiveCfg = Debug|Any CPU
		{8C0C3FD3-BF5F-4A9F-AE8E-4A6C28259C51}.Debug|Any CPU.Build.0 = Debug|Any CPU
		{8C0C3FD3-BF5F-4A9F-AE8E-4A6C28259C51}.Release|Any CPU.ActiveCfg = Release|Any CPU
		{8C0C3FD3-BF5F-4A9F-AE8E-4A6C28259C51}.Release|Any CPU.Build.0 = Release|Any CPU
	EndGlobalSection
	GlobalSection(SolutionProperties) = preSolution
		HideSolutionNode = FALSE
	EndGlobalSection
	GlobalSection(ExtensibilityGlobals) = postSolution
		SolutionGuid = {471E263A-07E9-4D3A-A0BC-91B56BF9A059}
	EndGlobalSection
EndGlobal
